
Microsoft Visual Studio Solution File, Format Version 12.00
# Visual Studio Version 17
VisualStudioVersion = 17.14.36221.1 d17.14
MinimumVisualStudioVersion = 10.0.40219.1
Project("{FAE04EC0-301F-11D3-BF4B-00C04F79EFBC}") = "ICollectionInterface", "ICollectionInterface\ICollectionInterface.csproj", "{918823C5-707C-419D-85C7-B3A8912AC8EA}"
EndProject
Global
	GlobalSection(SolutionConfigurationPlatforms) = preSolution
		Debug|Any CPU = Debug|Any CPU
		Release|Any CPU = Release|Any CPU
	EndGlobalSection
	GlobalSection(ProjectConfigurationPlatforms) = postSolution
		{918823C5-707C-419D-85C7-B3A8912AC8EA}.Debug|Any CPU.ActiveCfg = Debug|Any CPU
		{918823C5-707C-419D-85C7-B3A8912AC8EA}.Debug|Any CPU.Build.0 = Debug|Any CPU
		{918823C5-707C-419D-85C7-B3A8912AC8EA}.Release|Any CPU.ActiveCfg = Release|Any CPU
		{918823C5-707C-419D-85C7-B3A8912AC8EA}.Release|Any CPU.Build.0 = Release|Any CPU
	EndGlobalSection
	GlobalSection(SolutionProperties) = preSolution
		HideSolutionNode = FALSE
	EndGlobalSection
	GlobalSection(ExtensibilityGlobals) = postSolution
		SolutionGuid = {C34D1326-7E81-49D8-B935-68460405A756}
	EndGlobalSection
EndGlobal
