
Microsoft Visual Studio Solution File, Format Version 12.00
# Visual Studio Version 17
VisualStudioVersion = 17.14.36221.1 d17.14
MinimumVisualStudioVersion = 10.0.40219.1
Project("{FAE04EC0-301F-11D3-BF4B-00C04F79EFBC}") = "IListInterface", "IListInterface\IListInterface.csproj", "{6FAC4A0B-BE91-4E72-B6CA-3EF41054B276}"
EndProject
Global
	GlobalSection(SolutionConfigurationPlatforms) = preSolution
		Debug|Any CPU = Debug|Any CPU
		Release|Any CPU = Release|Any CPU
	EndGlobalSection
	GlobalSection(ProjectConfigurationPlatforms) = postSolution
		{6FAC4A0B-BE91-4E72-B6CA-3EF41054B276}.Debug|Any CPU.ActiveCfg = Debug|Any CPU
		{6FAC4A0B-BE91-4E72-B6CA-3EF41054B276}.Debug|Any CPU.Build.0 = Debug|Any CPU
		{6FAC4A0B-BE91-4E72-B6CA-3EF41054B276}.Release|Any CPU.ActiveCfg = Release|Any CPU
		{6FAC4A0B-BE91-4E72-B6CA-3EF41054B276}.Release|Any CPU.Build.0 = Release|Any CPU
	EndGlobalSection
	GlobalSection(SolutionProperties) = preSolution
		HideSolutionNode = FALSE
	EndGlobalSection
	GlobalSection(ExtensibilityGlobals) = postSolution
		SolutionGuid = {3B6856CB-051E-4553-9EF6-3F231386264C}
	EndGlobalSection
EndGlobal
