
Microsoft Visual Studio Solution File, Format Version 12.00
# Visual Studio Version 17
VisualStudioVersion = 17.0.31903.59
MinimumVisualStudioVersion = 10.0.40219.1
Project("{FAE04EC0-301F-11D3-BF4B-00C04F79EFBC}") = "CodinGame", "CodinGame\CodinGame.csproj", "{438A4D2E-38ED-42C2-B8AC-B93FB32AC770}"
EndProject
Global
	GlobalSection(SolutionConfigurationPlatforms) = preSolution
		Debug|Any CPU = Debug|Any CPU
		Release|Any CPU = Release|Any CPU
	EndGlobalSection
	GlobalSection(SolutionProperties) = preSolution
		HideSolutionNode = FALSE
	EndGlobalSection
	GlobalSection(ProjectConfigurationPlatforms) = postSolution
		{438A4D2E-38ED-42C2-B8AC-B93FB32AC770}.Debug|Any CPU.ActiveCfg = Debug|Any CPU
		{438A4D2E-38ED-42C2-B8AC-B93FB32AC770}.Debug|Any CPU.Build.0 = Debug|Any CPU
		{438A4D2E-38ED-42C2-B8AC-B93FB32AC770}.Release|Any CPU.ActiveCfg = Release|Any CPU
		{438A4D2E-38ED-42C2-B8AC-B93FB32AC770}.Release|Any CPU.Build.0 = Release|Any CPU
	EndGlobalSection
EndGlobal
