
Microsoft Visual Studio Solution File, Format Version 12.00
# Visual Studio Version 17
VisualStudioVersion = 17.14.36221.1 d17.14
MinimumVisualStudioVersion = 10.0.40219.1
Project("{FAE04EC0-301F-11D3-BF4B-00C04F79EFBC}") = "StackDS", "StackDS\StackDS.csproj", "{B73FF0A7-AFE8-4864-82E9-86C8D58CFE56}"
EndProject
Global
	GlobalSection(SolutionConfigurationPlatforms) = preSolution
		Debug|Any CPU = Debug|Any CPU
		Release|Any CPU = Release|Any CPU
	EndGlobalSection
	GlobalSection(ProjectConfigurationPlatforms) = postSolution
		{B73FF0A7-AFE8-4864-82E9-86C8D58CFE56}.Debug|Any CPU.ActiveCfg = Debug|Any CPU
		{B73FF0A7-AFE8-4864-82E9-86C8D58CFE56}.Debug|Any CPU.Build.0 = Debug|Any CPU
		{B73FF0A7-AFE8-4864-82E9-86C8D58CFE56}.Release|Any CPU.ActiveCfg = Release|Any CPU
		{B73FF0A7-AFE8-4864-82E9-86C8D58CFE56}.Release|Any CPU.Build.0 = Release|Any CPU
	EndGlobalSection
	GlobalSection(SolutionProperties) = preSolution
		HideSolutionNode = FALSE
	EndGlobalSection
	GlobalSection(ExtensibilityGlobals) = postSolution
		SolutionGuid = {3A8F436E-B29C-4261-9982-84DDB194ACB0}
	EndGlobalSection
EndGlobal
