Microsoft Visual Studio Solution File, Format Version 12.00
# Visual Studio Version 17
VisualStudioVersion = 17.5.2.0
MinimumVisualStudioVersion = 10.0.40219.1
Project("{FAE04EC0-301F-11D3-BF4B-00C04F79EFBC}") = "ObservableCollectionDS", "ObservableCollectionDS\ObservableCollectionDS.csproj", "{3C0FF918-50DE-51E1-9CF9-D3712CAD86D4}"
EndProject
Global
	GlobalSection(SolutionConfigurationPlatforms) = preSolution
		Debug|Any CPU = Debug|Any CPU
		Release|Any CPU = Release|Any CPU
	EndGlobalSection
	GlobalSection(ProjectConfigurationPlatforms) = postSolution
		{3C0FF918-50DE-51E1-9CF9-D3712CAD86D4}.Debug|Any CPU.ActiveCfg = Debug|Any CPU
		{3C0FF918-50DE-51E1-9CF9-D3712CAD86D4}.Debug|Any CPU.Build.0 = Debug|Any CPU
		{3C0FF918-50DE-51E1-9CF9-D3712CAD86D4}.Release|Any CPU.ActiveCfg = Release|Any CPU
		{3C0FF918-50DE-51E1-9CF9-D3712CAD86D4}.Release|Any CPU.Build.0 = Release|Any CPU
	EndGlobalSection
	GlobalSection(SolutionProperties) = preSolution
		HideSolutionNode = FALSE
	EndGlobalSection
	GlobalSection(ExtensibilityGlobals) = postSolution
		SolutionGuid = {1BA920B2-E01E-40C1-B032-41D374AD507B}
	EndGlobalSection
EndGlobal
