
Microsoft Visual Studio Solution File, Format Version 12.00
# Visual Studio Version 17
VisualStudioVersion = 17.14.36301.6 d17.14
MinimumVisualStudioVersion = 10.0.40219.1
Project("{FAE04EC0-301F-11D3-BF4B-00C04F79EFBC}") = "BinaryTreeDS", "BinaryTreeDS\BinaryTreeDS.csproj", "{B785AC9F-1E83-466C-B5D9-5B32A76017DE}"
EndProject
Global
	GlobalSection(SolutionConfigurationPlatforms) = preSolution
		Debug|Any CPU = Debug|Any CPU
		Release|Any CPU = Release|Any CPU
	EndGlobalSection
	GlobalSection(ProjectConfigurationPlatforms) = postSolution
		{B785AC9F-1E83-466C-B5D9-5B32A76017DE}.Debug|Any CPU.ActiveCfg = Debug|Any CPU
		{B785AC9F-1E83-466C-B5D9-5B32A76017DE}.Debug|Any CPU.Build.0 = Debug|Any CPU
		{B785AC9F-1E83-466C-B5D9-5B32A76017DE}.Release|Any CPU.ActiveCfg = Release|Any CPU
		{B785AC9F-1E83-466C-B5D9-5B32A76017DE}.Release|Any CPU.Build.0 = Release|Any CPU
	EndGlobalSection
	GlobalSection(SolutionProperties) = preSolution
		HideSolutionNode = FALSE
	EndGlobalSection
	GlobalSection(ExtensibilityGlobals) = postSolution
		SolutionGuid = {C8013179-E2E2-4149-B957-55AC97EF9D87}
	EndGlobalSection
EndGlobal
