
Microsoft Visual Studio Solution File, Format Version 12.00
# Visual Studio Version 17
VisualStudioVersion = 17.14.36301.6 d17.14
MinimumVisualStudioVersion = 10.0.40219.1
Project("{FAE04EC0-301F-11D3-BF4B-00C04F79EFBC}") = "GraphDS", "GraphDS\GraphDS.csproj", "{E37713B4-2303-4B04-AA47-E859F3116C89}"
EndProject
Global
	GlobalSection(SolutionConfigurationPlatforms) = preSolution
		Debug|Any CPU = Debug|Any CPU
		Release|Any CPU = Release|Any CPU
	EndGlobalSection
	GlobalSection(ProjectConfigurationPlatforms) = postSolution
		{E37713B4-2303-4B04-AA47-E859F3116C89}.Debug|Any CPU.ActiveCfg = Debug|Any CPU
		{E37713B4-2303-4B04-AA47-E859F3116C89}.Debug|Any CPU.Build.0 = Debug|Any CPU
		{E37713B4-2303-4B04-AA47-E859F3116C89}.Release|Any CPU.ActiveCfg = Release|Any CPU
		{E37713B4-2303-4B04-AA47-E859F3116C89}.Release|Any CPU.Build.0 = Release|Any CPU
	EndGlobalSection
	GlobalSection(SolutionProperties) = preSolution
		HideSolutionNode = FALSE
	EndGlobalSection
	GlobalSection(ExtensibilityGlobals) = postSolution
		SolutionGuid = {12C8E740-C88E-4ED7-9176-3CC26159265A}
	EndGlobalSection
EndGlobal
